
Microsoft Visual Studio Solution File, Format Version 12.00
# Visual Studio Version 16
VisualStudioVersion = 16.0.30804.86
MinimumVisualStudioVersion = 10.0.40219.1
Project("{FAE04EC0-301F-11D3-BF4B-00C04F79EFBC}") = "Employee", "Employee\Employee.csproj", "{0F7D5CCC-803A-4226-B810-319C753E68E2}"
EndProject
Global
	GlobalSection(SolutionConfigurationPlatforms) = preSolution
		Debug|Any CPU = Debug|Any CPU
		Release|Any CPU = Release|Any CPU
	EndGlobalSection
	GlobalSection(ProjectConfigurationPlatforms) = postSolution
		{0F7D5CCC-803A-4226-B810-319C753E68E2}.Debug|Any CPU.ActiveCfg = Debug|Any CPU
		{0F7D5CCC-803A-4226-B810-319C753E68E2}.Debug|Any CPU.Build.0 = Debug|Any CPU
		{0F7D5CCC-803A-4226-B810-319C753E68E2}.Release|Any CPU.ActiveCfg = Release|Any CPU
		{0F7D5CCC-803A-4226-B810-319C753E68E2}.Release|Any CPU.Build.0 = Release|Any CPU
	EndGlobalSection
	GlobalSection(SolutionProperties) = preSolution
		HideSolutionNode = FALSE
	EndGlobalSection
	GlobalSection(ExtensibilityGlobals) = postSolution
		SolutionGuid = {EEE75E9E-5701-4CC6-83EC-B82D72E2508E}
	EndGlobalSection
EndGlobal
